
Microsoft Visual Studio Solution File, Format Version 12.00
# Visual Studio Version 16
VisualStudioVersion = 16.0.31005.135
MinimumVisualStudioVersion = 10.0.40219.1
Project("{FAE04EC0-301F-11D3-BF4B-00C04F79EFBC}") = "FactoryMediator", "FactoryMediator\FactoryMediator.csproj", "{D5BA70A7-533B-4951-98EA-44F23F0C1853}"
EndProject
Project("{FAE04EC0-301F-11D3-BF4B-00C04F79EFBC}") = "FactoryMediatorTests", "FcatoryMediatorTests\FactoryMediatorTests.csproj", "{3E84DC46-9923-4ED9-9860-5744FD04B7CD}"
EndProject
Global
	GlobalSection(SolutionConfigurationPlatforms) = preSolution
		Debug|Any CPU = Debug|Any CPU
		Release|Any CPU = Release|Any CPU
	EndGlobalSection
	GlobalSection(ProjectConfigurationPlatforms) = postSolution
		{D5BA70A7-533B-4951-98EA-44F23F0C1853}.Debug|Any CPU.ActiveCfg = Debug|Any CPU
		{D5BA70A7-533B-4951-98EA-44F23F0C1853}.Debug|Any CPU.Build.0 = Debug|Any CPU
		{D5BA70A7-533B-4951-98EA-44F23F0C1853}.Release|Any CPU.ActiveCfg = Release|Any CPU
		{D5BA70A7-533B-4951-98EA-44F23F0C1853}.Release|Any CPU.Build.0 = Release|Any CPU
		{3E84DC46-9923-4ED9-9860-5744FD04B7CD}.Debug|Any CPU.ActiveCfg = Debug|Any CPU
		{3E84DC46-9923-4ED9-9860-5744FD04B7CD}.Debug|Any CPU.Build.0 = Debug|Any CPU
		{3E84DC46-9923-4ED9-9860-5744FD04B7CD}.Release|Any CPU.ActiveCfg = Release|Any CPU
		{3E84DC46-9923-4ED9-9860-5744FD04B7CD}.Release|Any CPU.Build.0 = Release|Any CPU
	EndGlobalSection
	GlobalSection(SolutionProperties) = preSolution
		HideSolutionNode = FALSE
	EndGlobalSection
	GlobalSection(ExtensibilityGlobals) = postSolution
		SolutionGuid = {333855CC-38CD-4544-9641-ABD70EDDD9D3}
	EndGlobalSection
EndGlobal
